<?xml version="1.0" encoding="utf-8"?>
<Project ToolsVersion="4.0" xmlns="http://schemas.microsoft.com/developer/msbuild/2003">
  <ItemGroup>
    <Filter Include="源文件">
      <UniqueIdentifier>{4FC737F1-C7A5-4376-A066-2A32D752A2FF}</UniqueIdentifier>
      <Extensions>cpp;c;cc;cxx;c++;cppm;ixx;def;odl;idl;hpj;bat;asm;asmx</Extensions>
    </Filter>
    <Filter Include="头文件">
      <UniqueIdentifier>{93995380-89BD-4b04-88EB-625FBE52EBFB}</UniqueIdentifier>
      <Extensions>h;hh;hpp;hxx;h++;hm;inl;inc;ipp;xsd</Extensions>
    </Filter>
    <Filter Include="资源文件">
      <UniqueIdentifier>{67DA6AB6-F800-4c08-8B7A-83BB121AAD01}</UniqueIdentifier>
      <Extensions>rc;ico;cur;bmp;dlg;rc2;rct;bin;rgs;gif;jpg;jpeg;jpe;resx;tiff;tif;png;wav;mfcribbon-ms</Extensions>
    </Filter>
  </ItemGroup>
  <ItemGroup>
    <ClCompile Include="src\01加载显示图片与修改保存.cpp">
      <Filter>源文件</Filter>
    </ClCompile>
    <ClCompile Include="src\test.cpp">
      <Filter>源文件</Filter>
    </ClCompile>
    <ClCompile Include="src\02矩阵的掩膜操作.cpp">
      <Filter>源文件</Filter>
    </ClCompile>
    <ClCompile Include="src\03Mat对象.cpp">
      <Filter>源文件</Filter>
    </ClCompile>
    <ClCompile Include="src\04图像操作.cpp">
      <Filter>源文件</Filter>
    </ClCompile>
    <ClCompile Include="src\05批量处理图片为灰度.cpp">
      <Filter>源文件</Filter>
    </ClCompile>
    <ClCompile Include="src\06图像混合.cpp">
      <Filter>源文件</Filter>
    </ClCompile>
    <ClCompile Include="src\07VideCapture播放视频.cpp">
      <Filter>源文件</Filter>
    </ClCompile>
    <ClCompile Include="src\08调整图像亮度和对比度.cpp">
      <Filter>源文件</Filter>
    </ClCompile>
  </ItemGroup>
  <ItemGroup>
    <Image Include="新素材\1 (1).jpg">
      <Filter>资源文件</Filter>
    </Image>
    <Image Include="新素材\1 (2).jpg">
      <Filter>资源文件</Filter>
    </Image>
    <Image Include="新素材\1 (3).jpg">
      <Filter>资源文件</Filter>
    </Image>
    <Image Include="新素材\1 (4).jpg">
      <Filter>资源文件</Filter>
    </Image>
    <Image Include="新素材\1 (5).jpg">
      <Filter>资源文件</Filter>
    </Image>
    <Image Include="新素材\1 (6).jpg">
      <Filter>资源文件</Filter>
    </Image>
    <Image Include="新素材\1 (7).jpg">
      <Filter>资源文件</Filter>
    </Image>
    <Image Include="新素材\1 (8).jpg">
      <Filter>资源文件</Filter>
    </Image>
    <Image Include="新素材\1 (9).jpg">
      <Filter>资源文件</Filter>
    </Image>
    <Image Include="新素材\1 (10).jpg">
      <Filter>资源文件</Filter>
    </Image>
    <Image Include="新素材\1 (11).jpg">
      <Filter>资源文件</Filter>
    </Image>
    <Image Include="新素材\1 (12).jpg">
      <Filter>资源文件</Filter>
    </Image>
    <Image Include="新素材\1 (13).jpg">
      <Filter>资源文件</Filter>
    </Image>
    <Image Include="新素材\1 (14).jpg">
      <Filter>资源文件</Filter>
    </Image>
    <Image Include="新素材\1 (15).jpg">
      <Filter>资源文件</Filter>
    </Image>
    <Image Include="新素材\1 (16).jpg">
      <Filter>资源文件</Filter>
    </Image>
    <Image Include="新素材\1 (17).jpg">
      <Filter>资源文件</Filter>
    </Image>
    <Image Include="新素材\1 (18).jpg">
      <Filter>资源文件</Filter>
    </Image>
    <Image Include="新素材\1 (19).jpg">
      <Filter>资源文件</Filter>
    </Image>
    <Image Include="新素材\1 (20).jpg">
      <Filter>资源文件</Filter>
    </Image>
    <Image Include="新素材\1 (21).jpg">
      <Filter>资源文件</Filter>
    </Image>
    <Image Include="新素材\1 (22).jpg">
      <Filter>资源文件</Filter>
    </Image>
    <Image Include="新素材\1 (23).jpg">
      <Filter>资源文件</Filter>
    </Image>
    <Image Include="新素材\1 (24).jpg">
      <Filter>资源文件</Filter>
    </Image>
    <Image Include="新素材\1 (25).jpg">
      <Filter>资源文件</Filter>
    </Image>
    <Image Include="新素材\1 (26).jpg">
      <Filter>资源文件</Filter>
    </Image>
    <Image Include="新素材\1 (27).jpg">
      <Filter>资源文件</Filter>
    </Image>
    <Image Include="新素材\1 (28).jpg">
      <Filter>资源文件</Filter>
    </Image>
    <Image Include="新素材\1 (29).jpg">
      <Filter>资源文件</Filter>
    </Image>
    <Image Include="新素材\1 (30).jpg">
      <Filter>资源文件</Filter>
    </Image>
    <Image Include="新素材\1 (31).jpg">
      <Filter>资源文件</Filter>
    </Image>
    <Image Include="新素材\1 (32).jpg">
      <Filter>资源文件</Filter>
    </Image>
    <Image Include="新素材\1 (33).jpg">
      <Filter>资源文件</Filter>
    </Image>
    <Image Include="新素材\1 (34).jpg">
      <Filter>资源文件</Filter>
    </Image>
    <Image Include="新素材\1 (35).jpg">
      <Filter>资源文件</Filter>
    </Image>
    <Image Include="新素材\1 (36).jpg">
      <Filter>资源文件</Filter>
    </Image>
    <Image Include="新素材\1 (37).jpg">
      <Filter>资源文件</Filter>
    </Image>
    <Image Include="新素材\1 (38).jpg">
      <Filter>资源文件</Filter>
    </Image>
    <Image Include="新素材\1 (39).jpg">
      <Filter>资源文件</Filter>
    </Image>
    <Image Include="新素材\1 (40).jpg">
      <Filter>资源文件</Filter>
    </Image>
    <Image Include="新素材\1 (41).jpg">
      <Filter>资源文件</Filter>
    </Image>
    <Image Include="新素材\1 (42).jpg">
      <Filter>资源文件</Filter>
    </Image>
    <Image Include="新素材\1 (43).jpg">
      <Filter>资源文件</Filter>
    </Image>
    <Image Include="新素材\1 (44).jpg">
      <Filter>资源文件</Filter>
    </Image>
    <Image Include="新素材\1 (45).jpg">
      <Filter>资源文件</Filter>
    </Image>
    <Image Include="新素材\1 (46).jpg">
      <Filter>资源文件</Filter>
    </Image>
    <Image Include="新素材\1 (47).jpg">
      <Filter>资源文件</Filter>
    </Image>
    <Image Include="新素材\1 (48).jpg">
      <Filter>资源文件</Filter>
    </Image>
    <Image Include="新素材\1 (49).jpg">
      <Filter>资源文件</Filter>
    </Image>
    <Image Include="新素材\1 (50).jpg">
      <Filter>资源文件</Filter>
    </Image>
    <Image Include="新素材\1 (51).jpg">
      <Filter>资源文件</Filter>
    </Image>
    <Image Include="新素材\1 (52).jpg">
      <Filter>资源文件</Filter>
    </Image>
    <Image Include="新素材\1 (53).jpg">
      <Filter>资源文件</Filter>
    </Image>
    <Image Include="新素材\1 (54).jpg">
      <Filter>资源文件</Filter>
    </Image>
    <Image Include="新素材\1 (55).jpg">
      <Filter>资源文件</Filter>
    </Image>
    <Image Include="新素材\1 (56).jpg">
      <Filter>资源文件</Filter>
    </Image>
    <Image Include="新素材\1 (57).jpg">
      <Filter>资源文件</Filter>
    </Image>
    <Image Include="新素材\1 (58).jpg">
      <Filter>资源文件</Filter>
    </Image>
    <Image Include="新素材\1 (59).jpg">
      <Filter>资源文件</Filter>
    </Image>
    <Image Include="新素材\1 (60).jpg">
      <Filter>资源文件</Filter>
    </Image>
    <Image Include="新素材\1 (61).jpg">
      <Filter>资源文件</Filter>
    </Image>
    <Image Include="新素材\1 (62).jpg">
      <Filter>资源文件</Filter>
    </Image>
    <Image Include="新素材\1 (63).jpg">
      <Filter>资源文件</Filter>
    </Image>
    <Image Include="新素材\1 (64).jpg">
      <Filter>资源文件</Filter>
    </Image>
    <Image Include="新素材\1 (65).jpg">
      <Filter>资源文件</Filter>
    </Image>
    <Image Include="新素材\1 (66).jpg">
      <Filter>资源文件</Filter>
    </Image>
    <Image Include="新素材\1 (67).jpg">
      <Filter>资源文件</Filter>
    </Image>
    <Image Include="新素材\1 (68).jpg">
      <Filter>资源文件</Filter>
    </Image>
    <Image Include="新素材\1 (69).jpg">
      <Filter>资源文件</Filter>
    </Image>
    <Image Include="新素材\1 (70).jpg">
      <Filter>资源文件</Filter>
    </Image>
    <Image Include="新素材\1 (71).jpg">
      <Filter>资源文件</Filter>
    </Image>
    <Image Include="新素材\1 (72).jpg">
      <Filter>资源文件</Filter>
    </Image>
    <Image Include="新素材\1 (73).jpg">
      <Filter>资源文件</Filter>
    </Image>
    <Image Include="新素材\1 (74).jpg">
      <Filter>资源文件</Filter>
    </Image>
    <Image Include="新素材\1 (75).jpg">
      <Filter>资源文件</Filter>
    </Image>
    <Image Include="新素材\1 (76).jpg">
      <Filter>资源文件</Filter>
    </Image>
    <Image Include="新素材\1 (77).jpg">
      <Filter>资源文件</Filter>
    </Image>
    <Image Include="新素材\1 (78).jpg">
      <Filter>资源文件</Filter>
    </Image>
    <Image Include="新素材\1 (79).jpg">
      <Filter>资源文件</Filter>
    </Image>
    <Image Include="新素材\1 (80).jpg">
      <Filter>资源文件</Filter>
    </Image>
    <Image Include="新素材\1 (81).jpg">
      <Filter>资源文件</Filter>
    </Image>
    <Image Include="新素材\1 (82).jpg">
      <Filter>资源文件</Filter>
    </Image>
    <Image Include="新素材\1 (83).jpg">
      <Filter>资源文件</Filter>
    </Image>
    <Image Include="新素材\1 (84).jpg">
      <Filter>资源文件</Filter>
    </Image>
    <Image Include="新素材\1 (85).jpg">
      <Filter>资源文件</Filter>
    </Image>
    <Image Include="新素材\1 (86).jpg">
      <Filter>资源文件</Filter>
    </Image>
    <Image Include="新素材\1 (87).jpg">
      <Filter>资源文件</Filter>
    </Image>
    <Image Include="新素材\1 (88).jpg">
      <Filter>资源文件</Filter>
    </Image>
    <Image Include="新素材\1 (89).jpg">
      <Filter>资源文件</Filter>
    </Image>
    <Image Include="新素材\1 (90).jpg">
      <Filter>资源文件</Filter>
    </Image>
    <Image Include="新素材\1 (91).jpg">
      <Filter>资源文件</Filter>
    </Image>
    <Image Include="新素材\1 (92).jpg">
      <Filter>资源文件</Filter>
    </Image>
    <Image Include="新素材\1 (93).jpg">
      <Filter>资源文件</Filter>
    </Image>
    <Image Include="新素材\1 (94).jpg">
      <Filter>资源文件</Filter>
    </Image>
    <Image Include="新素材\1 (95).jpg">
      <Filter>资源文件</Filter>
    </Image>
    <Image Include="新素材\1 (96).jpg">
      <Filter>资源文件</Filter>
    </Image>
    <Image Include="新素材\1 (97).jpg">
      <Filter>资源文件</Filter>
    </Image>
    <Image Include="新素材\1 (98).jpg">
      <Filter>资源文件</Filter>
    </Image>
    <Image Include="新素材\1 (99).jpg">
      <Filter>资源文件</Filter>
    </Image>
    <Image Include="新素材\1 (100).jpg">
      <Filter>资源文件</Filter>
    </Image>
    <Image Include="新素材\1 (101).jpg">
      <Filter>资源文件</Filter>
    </Image>
    <Image Include="新素材\1 (102).jpg">
      <Filter>资源文件</Filter>
    </Image>
    <Image Include="新素材\1 (103).jpg">
      <Filter>资源文件</Filter>
    </Image>
    <Image Include="新素材\1 (104).jpg">
      <Filter>资源文件</Filter>
    </Image>
    <Image Include="新素材\1 (105).jpg">
      <Filter>资源文件</Filter>
    </Image>
    <Image Include="新素材\1 (106).jpg">
      <Filter>资源文件</Filter>
    </Image>
    <Image Include="新素材\1 (107).jpg">
      <Filter>资源文件</Filter>
    </Image>
    <Image Include="新素材\1 (108).jpg">
      <Filter>资源文件</Filter>
    </Image>
    <Image Include="新素材\1 (109).jpg">
      <Filter>资源文件</Filter>
    </Image>
    <Image Include="新素材\1 (110).jpg">
      <Filter>资源文件</Filter>
    </Image>
    <Image Include="新素材\1 (111).jpg">
      <Filter>资源文件</Filter>
    </Image>
    <Image Include="新素材\1 (112).jpg">
      <Filter>资源文件</Filter>
    </Image>
    <Image Include="新素材\1 (113).jpg">
      <Filter>资源文件</Filter>
    </Image>
    <Image Include="新素材\1 (114).jpg">
      <Filter>资源文件</Filter>
    </Image>
    <Image Include="新素材\1 (115).jpg">
      <Filter>资源文件</Filter>
    </Image>
    <Image Include="新素材\1 (116).jpg">
      <Filter>资源文件</Filter>
    </Image>
    <Image Include="新素材\1 (117).jpg">
      <Filter>资源文件</Filter>
    </Image>
    <Image Include="新素材\1 (118).jpg">
      <Filter>资源文件</Filter>
    </Image>
    <Image Include="新素材\1 (119).jpg">
      <Filter>资源文件</Filter>
    </Image>
    <Image Include="新素材\1 (120).jpg">
      <Filter>资源文件</Filter>
    </Image>
    <Image Include="新素材\1 (121).jpg">
      <Filter>资源文件</Filter>
    </Image>
    <Image Include="新素材\1 (122).jpg">
      <Filter>资源文件</Filter>
    </Image>
    <Image Include="新素材\1 (123).jpg">
      <Filter>资源文件</Filter>
    </Image>
    <Image Include="新素材\1 (124).jpg">
      <Filter>资源文件</Filter>
    </Image>
    <Image Include="新素材\1 (125).jpg">
      <Filter>资源文件</Filter>
    </Image>
    <Image Include="新素材\1 (126).jpg">
      <Filter>资源文件</Filter>
    </Image>
    <Image Include="新素材\1 (127).jpg">
      <Filter>资源文件</Filter>
    </Image>
    <Image Include="新素材\1 (128).jpg">
      <Filter>资源文件</Filter>
    </Image>
    <Image Include="新素材\1 (129).jpg">
      <Filter>资源文件</Filter>
    </Image>
    <Image Include="新素材\1 (130).jpg">
      <Filter>资源文件</Filter>
    </Image>
    <Image Include="新素材\1 (131).jpg">
      <Filter>资源文件</Filter>
    </Image>
    <Image Include="新素材\1 (132).jpg">
      <Filter>资源文件</Filter>
    </Image>
    <Image Include="新素材\1 (133).jpg">
      <Filter>资源文件</Filter>
    </Image>
    <Image Include="新素材\1 (134).jpg">
      <Filter>资源文件</Filter>
    </Image>
    <Image Include="新素材\1 (135).jpg">
      <Filter>资源文件</Filter>
    </Image>
    <Image Include="新素材\1 (136).jpg">
      <Filter>资源文件</Filter>
    </Image>
    <Image Include="新素材\1 (137).jpg">
      <Filter>资源文件</Filter>
    </Image>
    <Image Include="新素材\1 (138).jpg">
      <Filter>资源文件</Filter>
    </Image>
    <Image Include="新素材\1 (139).jpg">
      <Filter>资源文件</Filter>
    </Image>
    <Image Include="新素材\1 (140).jpg">
      <Filter>资源文件</Filter>
    </Image>
    <Image Include="新素材\1 (141).jpg">
      <Filter>资源文件</Filter>
    </Image>
    <Image Include="新素材\1 (142).jpg">
      <Filter>资源文件</Filter>
    </Image>
    <Image Include="新素材\1 (143).jpg">
      <Filter>资源文件</Filter>
    </Image>
    <Image Include="新素材\1 (144).jpg">
      <Filter>资源文件</Filter>
    </Image>
    <Image Include="新素材\1 (145).jpg">
      <Filter>资源文件</Filter>
    </Image>
    <Image Include="新素材\1 (146).jpg">
      <Filter>资源文件</Filter>
    </Image>
    <Image Include="新素材\1 (147).jpg">
      <Filter>资源文件</Filter>
    </Image>
    <Image Include="新素材\1 (148).jpg">
      <Filter>资源文件</Filter>
    </Image>
    <Image Include="新素材\1 (149).jpg">
      <Filter>资源文件</Filter>
    </Image>
    <Image Include="新素材\1 (150).jpg">
      <Filter>资源文件</Filter>
    </Image>
    <Image Include="新素材\1 (151).jpg">
      <Filter>资源文件</Filter>
    </Image>
    <Image Include="新素材\1 (152).jpg">
      <Filter>资源文件</Filter>
    </Image>
    <Image Include="新素材\1 (153).jpg">
      <Filter>资源文件</Filter>
    </Image>
    <Image Include="新素材\1 (154).jpg">
      <Filter>资源文件</Filter>
    </Image>
    <Image Include="新素材\1 (155).jpg">
      <Filter>资源文件</Filter>
    </Image>
    <Image Include="新素材\1 (156).jpg">
      <Filter>资源文件</Filter>
    </Image>
    <Image Include="新素材\1 (157).jpg">
      <Filter>资源文件</Filter>
    </Image>
    <Image Include="新素材\1 (158).jpg">
      <Filter>资源文件</Filter>
    </Image>
    <Image Include="新素材\1 (159).jpg">
      <Filter>资源文件</Filter>
    </Image>
    <Image Include="新素材\1 (160).jpg">
      <Filter>资源文件</Filter>
    </Image>
    <Image Include="新素材\1 (161).jpg">
      <Filter>资源文件</Filter>
    </Image>
    <Image Include="新素材\1 (162).jpg">
      <Filter>资源文件</Filter>
    </Image>
    <Image Include="新素材\1 (163).jpg">
      <Filter>资源文件</Filter>
    </Image>
    <Image Include="新素材\1 (164).jpg">
      <Filter>资源文件</Filter>
    </Image>
    <Image Include="新素材\1 (165).jpg">
      <Filter>资源文件</Filter>
    </Image>
    <Image Include="新素材\1 (166).jpg">
      <Filter>资源文件</Filter>
    </Image>
    <Image Include="新素材\1 (167).jpg">
      <Filter>资源文件</Filter>
    </Image>
    <Image Include="新素材\1 (168).jpg">
      <Filter>资源文件</Filter>
    </Image>
    <Image Include="新素材\1 (169).jpg">
      <Filter>资源文件</Filter>
    </Image>
    <Image Include="新素材\1 (170).jpg">
      <Filter>资源文件</Filter>
    </Image>
    <Image Include="新素材\1 (171).jpg">
      <Filter>资源文件</Filter>
    </Image>
    <Image Include="新素材\1 (172).jpg">
      <Filter>资源文件</Filter>
    </Image>
    <Image Include="新素材\1 (173).jpg">
      <Filter>资源文件</Filter>
    </Image>
    <Image Include="新素材\1 (174).jpg">
      <Filter>资源文件</Filter>
    </Image>
    <Image Include="新素材\1 (175).jpg">
      <Filter>资源文件</Filter>
    </Image>
    <Image Include="新素材\1 (176).jpg">
      <Filter>资源文件</Filter>
    </Image>
    <Image Include="新素材\1 (177).jpg">
      <Filter>资源文件</Filter>
    </Image>
    <Image Include="新素材\1 (178).jpg">
      <Filter>资源文件</Filter>
    </Image>
    <Image Include="新素材\1 (179).jpg">
      <Filter>资源文件</Filter>
    </Image>
    <Image Include="新素材\1 (180).jpg">
      <Filter>资源文件</Filter>
    </Image>
    <Image Include="新素材\1 (181).jpg">
      <Filter>资源文件</Filter>
    </Image>
    <Image Include="新素材\1 (182).jpg">
      <Filter>资源文件</Filter>
    </Image>
    <Image Include="新素材\1 (183).jpg">
      <Filter>资源文件</Filter>
    </Image>
    <Image Include="新素材\1 (184).jpg">
      <Filter>资源文件</Filter>
    </Image>
    <Image Include="新素材\1 (185).jpg">
      <Filter>资源文件</Filter>
    </Image>
    <Image Include="新素材\1 (186).jpg">
      <Filter>资源文件</Filter>
    </Image>
    <Image Include="新素材\1 (187).jpg">
      <Filter>资源文件</Filter>
    </Image>
    <Image Include="新素材\1 (188).jpg">
      <Filter>资源文件</Filter>
    </Image>
    <Image Include="新素材\1 (189).jpg">
      <Filter>资源文件</Filter>
    </Image>
    <Image Include="新素材\1 (190).jpg">
      <Filter>资源文件</Filter>
    </Image>
    <Image Include="新素材\1 (191).jpg">
      <Filter>资源文件</Filter>
    </Image>
    <Image Include="新素材\1 (192).jpg">
      <Filter>资源文件</Filter>
    </Image>
    <Image Include="新素材\1 (193).jpg">
      <Filter>资源文件</Filter>
    </Image>
    <Image Include="新素材\1 (194).jpg">
      <Filter>资源文件</Filter>
    </Image>
    <Image Include="新素材\1 (195).jpg">
      <Filter>资源文件</Filter>
    </Image>
    <Image Include="新素材\1 (196).jpg">
      <Filter>资源文件</Filter>
    </Image>
    <Image Include="新素材\1 (197).jpg">
      <Filter>资源文件</Filter>
    </Image>
    <Image Include="新素材\1 (198).jpg">
      <Filter>资源文件</Filter>
    </Image>
    <Image Include="新素材\1 (199).jpg">
      <Filter>资源文件</Filter>
    </Image>
    <Image Include="新素材\1 (200).jpg">
      <Filter>资源文件</Filter>
    </Image>
    <Image Include="新素材\1 (201).jpg">
      <Filter>资源文件</Filter>
    </Image>
    <Image Include="新素材\1 (202).jpg">
      <Filter>资源文件</Filter>
    </Image>
    <Image Include="新素材\1 (203).jpg">
      <Filter>资源文件</Filter>
    </Image>
    <Image Include="新素材\1 (204).jpg">
      <Filter>资源文件</Filter>
    </Image>
    <Image Include="新素材\1 (205).jpg">
      <Filter>资源文件</Filter>
    </Image>
    <Image Include="新素材\1 (206).jpg">
      <Filter>资源文件</Filter>
    </Image>
    <Image Include="新素材\1 (207).jpg">
      <Filter>资源文件</Filter>
    </Image>
    <Image Include="新素材\1 (208).jpg">
      <Filter>资源文件</Filter>
    </Image>
    <Image Include="新素材\1 (209).jpg">
      <Filter>资源文件</Filter>
    </Image>
    <Image Include="新素材\1 (210).jpg">
      <Filter>资源文件</Filter>
    </Image>
    <Image Include="新素材\1 (211).jpg">
      <Filter>资源文件</Filter>
    </Image>
    <Image Include="新素材\1 (212).jpg">
      <Filter>资源文件</Filter>
    </Image>
    <Image Include="新素材\1 (213).jpg">
      <Filter>资源文件</Filter>
    </Image>
    <Image Include="新素材\1 (214).jpg">
      <Filter>资源文件</Filter>
    </Image>
    <Image Include="新素材\1 (215).jpg">
      <Filter>资源文件</Filter>
    </Image>
    <Image Include="新素材\1 (216).jpg">
      <Filter>资源文件</Filter>
    </Image>
    <Image Include="新素材\1 (217).jpg">
      <Filter>资源文件</Filter>
    </Image>
    <Image Include="新素材\1 (218).jpg">
      <Filter>资源文件</Filter>
    </Image>
    <Image Include="新素材\1 (219).jpg">
      <Filter>资源文件</Filter>
    </Image>
    <Image Include="新素材\1 (220).jpg">
      <Filter>资源文件</Filter>
    </Image>
    <Image Include="新素材\1 (221).jpg">
      <Filter>资源文件</Filter>
    </Image>
    <Image Include="新素材\1 (222).jpg">
      <Filter>资源文件</Filter>
    </Image>
    <Image Include="新素材\1 (223).jpg">
      <Filter>资源文件</Filter>
    </Image>
    <Image Include="新素材\1 (224).jpg">
      <Filter>资源文件</Filter>
    </Image>
    <Image Include="新素材\1 (225).jpg">
      <Filter>资源文件</Filter>
    </Image>
    <Image Include="新素材\1 (226).jpg">
      <Filter>资源文件</Filter>
    </Image>
    <Image Include="新素材\1 (227).jpg">
      <Filter>资源文件</Filter>
    </Image>
    <Image Include="新素材\1 (228).jpg">
      <Filter>资源文件</Filter>
    </Image>
    <Image Include="新素材\1 (229).jpg">
      <Filter>资源文件</Filter>
    </Image>
    <Image Include="新素材\1 (230).jpg">
      <Filter>资源文件</Filter>
    </Image>
    <Image Include="新素材\1 (231).jpg">
      <Filter>资源文件</Filter>
    </Image>
    <Image Include="新素材\1 (232).jpg">
      <Filter>资源文件</Filter>
    </Image>
    <Image Include="新素材\1 (233).jpg">
      <Filter>资源文件</Filter>
    </Image>
    <Image Include="新素材\1 (234).jpg">
      <Filter>资源文件</Filter>
    </Image>
    <Image Include="新素材\1 (235).jpg">
      <Filter>资源文件</Filter>
    </Image>
    <Image Include="新素材\1 (236).jpg">
      <Filter>资源文件</Filter>
    </Image>
    <Image Include="新素材\1 (237).jpg">
      <Filter>资源文件</Filter>
    </Image>
    <Image Include="新素材\1 (238).jpg">
      <Filter>资源文件</Filter>
    </Image>
    <Image Include="新素材\1 (239).jpg">
      <Filter>资源文件</Filter>
    </Image>
    <Image Include="新素材\1 (240).jpg">
      <Filter>资源文件</Filter>
    </Image>
    <Image Include="新素材\1 (241).jpg">
      <Filter>资源文件</Filter>
    </Image>
    <Image Include="新素材\1 (242).jpg">
      <Filter>资源文件</Filter>
    </Image>
    <Image Include="新素材\1 (243).jpg">
      <Filter>资源文件</Filter>
    </Image>
    <Image Include="新素材\1 (244).jpg">
      <Filter>资源文件</Filter>
    </Image>
    <Image Include="新素材\1 (245).jpg">
      <Filter>资源文件</Filter>
    </Image>
    <Image Include="新素材\1 (246).jpg">
      <Filter>资源文件</Filter>
    </Image>
    <Image Include="新素材\1 (247).jpg">
      <Filter>资源文件</Filter>
    </Image>
    <Image Include="新素材\1 (248).jpg">
      <Filter>资源文件</Filter>
    </Image>
    <Image Include="新素材\1 (249).jpg">
      <Filter>资源文件</Filter>
    </Image>
    <Image Include="新素材\1 (250).jpg">
      <Filter>资源文件</Filter>
    </Image>
    <Image Include="新素材\1 (251).jpg">
      <Filter>资源文件</Filter>
    </Image>
    <Image Include="新素材\1 (252).jpg">
      <Filter>资源文件</Filter>
    </Image>
    <Image Include="新素材\1 (253).jpg">
      <Filter>资源文件</Filter>
    </Image>
    <Image Include="新素材\1 (254).jpg">
      <Filter>资源文件</Filter>
    </Image>
    <Image Include="新素材\mmexport1636530172444.jpg">
      <Filter>资源文件</Filter>
    </Image>
    <Image Include="新素材\mmexport1636530172723.jpg">
      <Filter>资源文件</Filter>
    </Image>
    <Image Include="新素材\mmexport1636530172755.jpg">
      <Filter>资源文件</Filter>
    </Image>
    <Image Include="新素材\mmexport1636530172862.jpg">
      <Filter>资源文件</Filter>
    </Image>
    <Image Include="新素材\mmexport1636530172988.jpg">
      <Filter>资源文件</Filter>
    </Image>
    <Image Include="新素材\mmexport1636530173139.jpg">
      <Filter>资源文件</Filter>
    </Image>
    <Image Include="新素材\mmexport1636530173232.jpg">
      <Filter>资源文件</Filter>
    </Image>
    <Image Include="新素材\mmexport1636530173323.jpg">
      <Filter>资源文件</Filter>
    </Image>
    <Image Include="新素材\mmexport1636530173424.jpg">
      <Filter>资源文件</Filter>
    </Image>
    <Image Include="新素材\mmexport1636530173518.jpg">
      <Filter>资源文件</Filter>
    </Image>
    <Image Include="新素材\mmexport1636530173970.jpg">
      <Filter>资源文件</Filter>
    </Image>
    <Image Include="新素材\mmexport1636530246481.jpg">
      <Filter>资源文件</Filter>
    </Image>
    <Image Include="新素材\mmexport1636530246724.jpg">
      <Filter>资源文件</Filter>
    </Image>
    <Image Include="新素材\mmexport1636530246835.jpg">
      <Filter>资源文件</Filter>
    </Image>
    <Image Include="新素材\mmexport1636530246956.jpg">
      <Filter>资源文件</Filter>
    </Image>
    <Image Include="新素材\mmexport1636530247099.jpg">
      <Filter>资源文件</Filter>
    </Image>
    <Image Include="新素材\mmexport1636530247203.jpg">
      <Filter>资源文件</Filter>
    </Image>
    <Image Include="新素材\mmexport1636530247314.jpg">
      <Filter>资源文件</Filter>
    </Image>
    <Image Include="新素材\mmexport1636530247439.jpg">
      <Filter>资源文件</Filter>
    </Image>
    <Image Include="新素材\mmexport1636530247536.jpg">
      <Filter>资源文件</Filter>
    </Image>
    <Image Include="新素材\mmexport1636530247631.jpg">
      <Filter>资源文件</Filter>
    </Image>
  </ItemGroup>
</Project>